
Microsoft Visual Studio Solution File, Format Version 12.00
# Visual Studio Version 16
VisualStudioVersion = 16.0.31129.286
MinimumVisualStudioVersion = 10.0.40219.1
Project("{8BC9CEB8-8B4A-11D0-8D11-00A0C91BC942}") = "CppOpenCV", "CppOpenCV\CppOpenCV.vcxproj", "{07F23148-1580-40A1-A1B9-4AA21A0AB349}"
EndProject
Global
	GlobalSection(SolutionConfigurationPlatforms) = preSolution
		Debug|x64 = Debug|x64
		Debug|x86 = Debug|x86
		Release|x64 = Release|x64
		Release|x86 = Release|x86
	EndGlobalSection
	GlobalSection(ProjectConfigurationPlatforms) = postSolution
		{07F23148-1580-40A1-A1B9-4AA21A0AB349}.Debug|x64.ActiveCfg = Debug|x64
		{07F23148-1580-40A1-A1B9-4AA21A0AB349}.Debug|x64.Build.0 = Debug|x64
		{07F23148-1580-40A1-A1B9-4AA21A0AB349}.Debug|x86.ActiveCfg = Debug|Win32
		{07F23148-1580-40A1-A1B9-4AA21A0AB349}.Debug|x86.Build.0 = Debug|Win32
		{07F23148-1580-40A1-A1B9-4AA21A0AB349}.Release|x64.ActiveCfg = Release|x64
		{07F23148-1580-40A1-A1B9-4AA21A0AB349}.Release|x64.Build.0 = Release|x64
		{07F23148-1580-40A1-A1B9-4AA21A0AB349}.Release|x86.ActiveCfg = Release|Win32
		{07F23148-1580-40A1-A1B9-4AA21A0AB349}.Release|x86.Build.0 = Release|Win32
	EndGlobalSection
	GlobalSection(SolutionProperties) = preSolution
		HideSolutionNode = FALSE
	EndGlobalSection
	GlobalSection(ExtensibilityGlobals) = postSolution
		SolutionGuid = {FC733A3E-4B58-4E75-94ED-8297869C42F8}
	EndGlobalSection
EndGlobal
